NeoBundleLock ag.vim 4a0dd6e190f446e5a016b44fdaa2feafc582918e
NeoBundleLock badwolf 682b5215be013237f39be14954e6979426724a33
NeoBundleLock emmet-vim 5f559fae12a8babf414376906197dbd751e11380
NeoBundleLock neobundle.vim 1306c131ff0a6cc094b7ff0727350e442b5427f1
NeoBundleLock neocomplete.vim 0f83788cb67e0743a3a9c8d3a3a6e52a01bdc6c2
NeoBundleLock neomru.vim 79e6c9d04b75d67a1494435a4fb25573373cb1dc
NeoBundleLock nerdtree 8c48845d11adc4c9b07fc727725ed68be5d3177f
NeoBundleLock previm e0622bdd34824bcfca276bcb17ecb65a9168eeeb
NeoBundleLock syntastic f3766538720116f099a8b1517f76ae2f094afd20
NeoBundleLock unite.vim 5addeca429f64130d74d2f7cb8255afdb9e309d2
NeoBundleLock vim-auto-save 1685175183d160879ebcf231cd4c96b1b8a5a5c9
NeoBundleLock vim-easymotion dd7b4b526775bc8553e16bc402020573b04a948c
NeoBundleLock vim-endwise bf90d8be447de667f4532b934d1a70881be56dd8
NeoBundleLock vim-fugitive 0e35c9bbc78159318e7b7ffd228f09a96afb8fde
NeoBundleLock vim-gitgutter 7c48aa1e726f73794fff99b4c03f9094565891d7
NeoBundleLock vim-obsession 96a3f837c112cb64e0a9857b69f6d6a71041155e
NeoBundleLock vim-quickrun f637c35b16d6e83cc71dababbda2a64eb29b3f5e
NeoBundleLock vim-ref 161520737e234a20d67f619e772c0aacd5541f01
NeoBundleLock vim-ref-ri be7057de4a039969738108234463fc2ad6dae1a0
NeoBundleLock vim-submode d29de4f55c40a7a03af1d8134453a703d6affbd2
NeoBundleLock vim-table-mode 0af25d72ebc0271648c8f91c0ce5c59174d2761b
NeoBundleLock vim-tags e75dea76e488d9208ed73c53c46a4abee2695115
NeoBundleLock vim-textobj-entire 64a856c9dff3425ed8a863b9ec0a21dbaee6fb3a
NeoBundleLock vim-textobj-user 9861dc6829a0ce253e40b4d947a9432b58eb499b
NeoBundleLock winresizer e914728083536102c81281a2b2d0b81eec1e6bfb
